
Microsoft Visual Studio Solution File, Format Version 12.00
# Visual Studio 15
VisualStudioVersion = 15.0.27130.2020
MinimumVisualStudioVersion = 10.0.40219.1
Project("{FAE04EC0-301F-11D3-BF4B-00C04F79EFBC}") = "CarCompany", "CarCompany\CarCompany.csproj", "{A40F1602-F831-4A4B-BA12-BB989784C732}"
EndProject
Project("{FAE04EC0-301F-11D3-BF4B-00C04F79EFBC}") = "CarDAL", "CarDAL\CarDAL.csproj", "{E90999BB-3A77-4A95-9027-5F6370A8E379}"
EndProject
Project("{FAE04EC0-301F-11D3-BF4B-00C04F79EFBC}") = "CarMODEL", "CarModel\CarMODEL.csproj", "{6A547FC2-F09B-4172-8E8F-1DF569F80B5A}"
EndProject
Global
	GlobalSection(SolutionConfigurationPlatforms) = preSolution
		Debug|Any CPU = Debug|Any CPU
		Release|Any CPU = Release|Any CPU
	EndGlobalSection
	GlobalSection(ProjectConfigurationPlatforms) = postSolution
		{A40F1602-F831-4A4B-BA12-BB989784C732}.Debug|Any CPU.ActiveCfg = Debug|Any CPU
		{A40F1602-F831-4A4B-BA12-BB989784C732}.Debug|Any CPU.Build.0 = Debug|Any CPU
		{A40F1602-F831-4A4B-BA12-BB989784C732}.Release|Any CPU.ActiveCfg = Release|Any CPU
		{A40F1602-F831-4A4B-BA12-BB989784C732}.Release|Any CPU.Build.0 = Release|Any CPU
		{E90999BB-3A77-4A95-9027-5F6370A8E379}.Debug|Any CPU.ActiveCfg = Debug|Any CPU
		{E90999BB-3A77-4A95-9027-5F6370A8E379}.Debug|Any CPU.Build.0 = Debug|Any CPU
		{E90999BB-3A77-4A95-9027-5F6370A8E379}.Release|Any CPU.ActiveCfg = Release|Any CPU
		{E90999BB-3A77-4A95-9027-5F6370A8E379}.Release|Any CPU.Build.0 = Release|Any CPU
		{6A547FC2-F09B-4172-8E8F-1DF569F80B5A}.Debug|Any CPU.ActiveCfg = Debug|Any CPU
		{6A547FC2-F09B-4172-8E8F-1DF569F80B5A}.Debug|Any CPU.Build.0 = Debug|Any CPU
		{6A547FC2-F09B-4172-8E8F-1DF569F80B5A}.Release|Any CPU.ActiveCfg = Release|Any CPU
		{6A547FC2-F09B-4172-8E8F-1DF569F80B5A}.Release|Any CPU.Build.0 = Release|Any CPU
	EndGlobalSection
	GlobalSection(SolutionProperties) = preSolution
		HideSolutionNode = FALSE
	EndGlobalSection
	GlobalSection(ExtensibilityGlobals) = postSolution
		SolutionGuid = {C858E05E-4CD5-4ECA-82AE-62A05164C4EB}
	EndGlobalSection
EndGlobal
